dependencies:
- name: domains-interactions-space
  repository: ""
  version: '>=1.0.0'
- name: users-interactions-space
  repository: ""
  version: '>=1.0.0'
- name: knowledge-repository
  repository: ""
  version: '>=1.0.0'
- name: access-control-sso
  repository: ""
  version: '>=1.0.0'
- name: reactive-messaging-gateway
  repository: ""
  version: '>=1.0.0'
- name: web-reactive-frontend
  repository: ""
  version: '>=1.0.0'
- name: ui-apis-gateway
  repository: ""
  version: '>=1.0.0'
digest: sha256:3e9658cf3b9b574218760ea54f1b7242deb7ac83c907e87124799cf5168aad5e
generated: "2025-03-27T17:18:26.687988+01:00"
